
Microsoft Visual Studio Solution File, Format Version 12.00
# Visual Studio Version 17
VisualStudioVersion = 17.5.33530.505
MinimumVisualStudioVersion = 10.0.40219.1
Project("{FAE04EC0-301F-11D3-BF4B-00C04F79EFBC}") = "OA_Core.Api", "OA_Core.Api\OA_Core.Api.csproj", "{043600B3-1E9B-4E28-BBA8-02BF6B5F9AE0}"
EndProject
Global
	GlobalSection(SolutionConfigurationPlatforms) = preSolution
		Debug|Any CPU = Debug|Any CPU
		Release|Any CPU = Release|Any CPU
	EndGlobalSection
	GlobalSection(ProjectConfigurationPlatforms) = postSolution
		{043600B3-1E9B-4E28-BBA8-02BF6B5F9AE0}.Debug|Any CPU.ActiveCfg = Debug|Any CPU
		{043600B3-1E9B-4E28-BBA8-02BF6B5F9AE0}.Debug|Any CPU.Build.0 = Debug|Any CPU
		{043600B3-1E9B-4E28-BBA8-02BF6B5F9AE0}.Release|Any CPU.ActiveCfg = Release|Any CPU
		{043600B3-1E9B-4E28-BBA8-02BF6B5F9AE0}.Release|Any CPU.Build.0 = Release|Any CPU
	EndGlobalSection
	GlobalSection(SolutionProperties) = preSolution
		HideSolutionNode = FALSE
	EndGlobalSection
	GlobalSection(ExtensibilityGlobals) = postSolution
		SolutionGuid = {7524BF37-1C17-471D-847B-DA154D162238}
	EndGlobalSection
EndGlobal
