
Microsoft Visual Studio Solution File, Format Version 12.00
# Visual Studio Version 17
VisualStudioVersion = 17.5.33530.505
MinimumVisualStudioVersion = 10.0.40219.1
Project("{FAE04EC0-301F-11D3-BF4B-00C04F79EFBC}") = "OA_Core.Api", "OA_Core.Api\OA_Core.Api.csproj", "{043600B3-1E9B-4E28-BBA8-02BF6B5F9AE0}"
EndProject
Project("{FAE04EC0-301F-11D3-BF4B-00C04F79EFBC}") = "OA_Core.Repository", "OA_Core.Repository\OA_Core.Repository.csproj", "{176E36DF-C0A4-4391-9C64-840405411DA7}"
EndProject
Project("{FAE04EC0-301F-11D3-BF4B-00C04F79EFBC}") = "OA_Core.Service", "OA_Core.Service\OA_Core.Service.csproj", "{47A292F5-9791-4F9E-8F6B-2EE2D07DA937}"
EndProject
Project("{FAE04EC0-301F-11D3-BF4B-00C04F79EFBC}") = "OA_Core.Domain", "OA_Core.Domain\OA_Core.Domain.csproj", "{75320DF0-6FDD-4222-9279-A82C8C266DCB}"
EndProject
Project("{FAE04EC0-301F-11D3-BF4B-00C04F79EFBC}") = "OA_Core.Tests", "OA_Core.Tests\OA_Core.Tests.csproj", "{38D24BF5-C98D-4E6A-9E38-34E8AE42CB6E}"
EndProject
Global
	GlobalSection(SolutionConfigurationPlatforms) = preSolution
		Debug|Any CPU = Debug|Any CPU
		Release|Any CPU = Release|Any CPU
	EndGlobalSection
	GlobalSection(ProjectConfigurationPlatforms) = postSolution
		{043600B3-1E9B-4E28-BBA8-02BF6B5F9AE0}.Debug|Any CPU.ActiveCfg = Debug|Any CPU
		{043600B3-1E9B-4E28-BBA8-02BF6B5F9AE0}.Debug|Any CPU.Build.0 = Debug|Any CPU
		{043600B3-1E9B-4E28-BBA8-02BF6B5F9AE0}.Release|Any CPU.ActiveCfg = Release|Any CPU
		{043600B3-1E9B-4E28-BBA8-02BF6B5F9AE0}.Release|Any CPU.Build.0 = Release|Any CPU
		{176E36DF-C0A4-4391-9C64-840405411DA7}.Debug|Any CPU.ActiveCfg = Debug|Any CPU
		{176E36DF-C0A4-4391-9C64-840405411DA7}.Debug|Any CPU.Build.0 = Debug|Any CPU
		{176E36DF-C0A4-4391-9C64-840405411DA7}.Release|Any CPU.ActiveCfg = Release|Any CPU
		{176E36DF-C0A4-4391-9C64-840405411DA7}.Release|Any CPU.Build.0 = Release|Any CPU
		{47A292F5-9791-4F9E-8F6B-2EE2D07DA937}.Debug|Any CPU.ActiveCfg = Debug|Any CPU
		{47A292F5-9791-4F9E-8F6B-2EE2D07DA937}.Debug|Any CPU.Build.0 = Debug|Any CPU
		{47A292F5-9791-4F9E-8F6B-2EE2D07DA937}.Release|Any CPU.ActiveCfg = Release|Any CPU
		{47A292F5-9791-4F9E-8F6B-2EE2D07DA937}.Release|Any CPU.Build.0 = Release|Any CPU
		{75320DF0-6FDD-4222-9279-A82C8C266DCB}.Debug|Any CPU.ActiveCfg = Debug|Any CPU
		{75320DF0-6FDD-4222-9279-A82C8C266DCB}.Debug|Any CPU.Build.0 = Debug|Any CPU
		{75320DF0-6FDD-4222-9279-A82C8C266DCB}.Release|Any CPU.ActiveCfg = Release|Any CPU
		{75320DF0-6FDD-4222-9279-A82C8C266DCB}.Release|Any CPU.Build.0 = Release|Any CPU
		{38D24BF5-C98D-4E6A-9E38-34E8AE42CB6E}.Debug|Any CPU.ActiveCfg = Debug|Any CPU
		{38D24BF5-C98D-4E6A-9E38-34E8AE42CB6E}.Debug|Any CPU.Build.0 = Debug|Any CPU
		{38D24BF5-C98D-4E6A-9E38-34E8AE42CB6E}.Release|Any CPU.ActiveCfg = Release|Any CPU
		{38D24BF5-C98D-4E6A-9E38-34E8AE42CB6E}.Release|Any CPU.Build.0 = Release|Any CPU
	EndGlobalSection
	GlobalSection(SolutionProperties) = preSolution
		HideSolutionNode = FALSE
	EndGlobalSection
	GlobalSection(ExtensibilityGlobals) = postSolution
		SolutionGuid = {7524BF37-1C17-471D-847B-DA154D162238}
	EndGlobalSection
EndGlobal
