
Microsoft Visual Studio Solution File, Format Version 12.00
# Visual Studio Version 17
VisualStudioVersion = 17.5.33530.505
MinimumVisualStudioVersion = 10.0.40219.1
Project("{FAE04EC0-301F-11D3-BF4B-00C04F79EFBC}") = "OA_Core.Api", "OA_Core\OA_Core.Api.csproj", "{46132210-EF5F-421C-A6D0-5E606B404547}"
EndProject
Project("{FAE04EC0-301F-11D3-BF4B-00C04F79EFBC}") = "OA_Core.Domain", "OA_Core.Domain\OA_Core.Domain.csproj", "{E6FA6069-090C-4CC1-9333-D11C5C87BDAC}"
EndProject
Project("{FAE04EC0-301F-11D3-BF4B-00C04F79EFBC}") = "OA_Core.Repository", "OA_Core.Repository\OA_Core.Repository.csproj", "{D3ABC82B-6F0B-4932-8420-306D46B96D25}"
EndProject
Project("{FAE04EC0-301F-11D3-BF4B-00C04F79EFBC}") = "OA_Core.Service", "OA_Core.Service\OA_Core.Service.csproj", "{4F083606-7703-4426-9F2F-A98D452B5A71}"
EndProject
Project("{FAE04EC0-301F-11D3-BF4B-00C04F79EFBC}") = "OA_Core.Tests", "OA_Core.Tests\OA_Core.Tests.csproj", "{D187AC73-393F-4E7A-815B-D9C3E3C02B48}"
EndProject
Global
	GlobalSection(SolutionConfigurationPlatforms) = preSolution
		Debug|Any CPU = Debug|Any CPU
		Release|Any CPU = Release|Any CPU
	EndGlobalSection
	GlobalSection(ProjectConfigurationPlatforms) = postSolution
		{46132210-EF5F-421C-A6D0-5E606B404547}.Debug|Any CPU.ActiveCfg = Debug|Any CPU
		{46132210-EF5F-421C-A6D0-5E606B404547}.Debug|Any CPU.Build.0 = Debug|Any CPU
		{46132210-EF5F-421C-A6D0-5E606B404547}.Release|Any CPU.ActiveCfg = Release|Any CPU
		{46132210-EF5F-421C-A6D0-5E606B404547}.Release|Any CPU.Build.0 = Release|Any CPU
		{E6FA6069-090C-4CC1-9333-D11C5C87BDAC}.Debug|Any CPU.ActiveCfg = Debug|Any CPU
		{E6FA6069-090C-4CC1-9333-D11C5C87BDAC}.Debug|Any CPU.Build.0 = Debug|Any CPU
		{E6FA6069-090C-4CC1-9333-D11C5C87BDAC}.Release|Any CPU.ActiveCfg = Release|Any CPU
		{E6FA6069-090C-4CC1-9333-D11C5C87BDAC}.Release|Any CPU.Build.0 = Release|Any CPU
		{D3ABC82B-6F0B-4932-8420-306D46B96D25}.Debug|Any CPU.ActiveCfg = Debug|Any CPU
		{D3ABC82B-6F0B-4932-8420-306D46B96D25}.Debug|Any CPU.Build.0 = Debug|Any CPU
		{D3ABC82B-6F0B-4932-8420-306D46B96D25}.Release|Any CPU.ActiveCfg = Release|Any CPU
		{D3ABC82B-6F0B-4932-8420-306D46B96D25}.Release|Any CPU.Build.0 = Release|Any CPU
		{4F083606-7703-4426-9F2F-A98D452B5A71}.Debug|Any CPU.ActiveCfg = Debug|Any CPU
		{4F083606-7703-4426-9F2F-A98D452B5A71}.Debug|Any CPU.Build.0 = Debug|Any CPU
		{4F083606-7703-4426-9F2F-A98D452B5A71}.Release|Any CPU.ActiveCfg = Release|Any CPU
		{4F083606-7703-4426-9F2F-A98D452B5A71}.Release|Any CPU.Build.0 = Release|Any CPU
		{D187AC73-393F-4E7A-815B-D9C3E3C02B48}.Debug|Any CPU.ActiveCfg = Debug|Any CPU
		{D187AC73-393F-4E7A-815B-D9C3E3C02B48}.Debug|Any CPU.Build.0 = Debug|Any CPU
		{D187AC73-393F-4E7A-815B-D9C3E3C02B48}.Release|Any CPU.ActiveCfg = Release|Any CPU
		{D187AC73-393F-4E7A-815B-D9C3E3C02B48}.Release|Any CPU.Build.0 = Release|Any CPU
	EndGlobalSection
	GlobalSection(SolutionProperties) = preSolution
		HideSolutionNode = FALSE
	EndGlobalSection
	GlobalSection(ExtensibilityGlobals) = postSolution
		SolutionGuid = {142D5933-CC27-455D-92A8-EED494CA7BF2}
	EndGlobalSection
EndGlobal
